
Microsoft Visual Studio Solution File, Format Version 12.00
# Visual Studio Version 16
VisualStudioVersion = 16.0.30611.23
MinimumVisualStudioVersion = 10.0.40219.1
Project("{FAE04EC0-301F-11D3-BF4B-00C04F79EFBC}") = "Exerc_Aula_24_08_21", "Exerc_Aula_24_08_21.csproj", "{1E99E49A-66F1-4ADD-B4E6-D53BDEF3429E}"
EndProject
Global
	GlobalSection(SolutionConfigurationPlatforms) = preSolution
		Debug|Any CPU = Debug|Any CPU
		Release|Any CPU = Release|Any CPU
	EndGlobalSection
	GlobalSection(ProjectConfigurationPlatforms) = postSolution
		{1E99E49A-66F1-4ADD-B4E6-D53BDEF3429E}.Debug|Any CPU.ActiveCfg = Debug|Any CPU
		{1E99E49A-66F1-4ADD-B4E6-D53BDEF3429E}.Debug|Any CPU.Build.0 = Debug|Any CPU
		{1E99E49A-66F1-4ADD-B4E6-D53BDEF3429E}.Release|Any CPU.ActiveCfg = Release|Any CPU
		{1E99E49A-66F1-4ADD-B4E6-D53BDEF3429E}.Release|Any CPU.Build.0 = Release|Any CPU
	EndGlobalSection
	GlobalSection(SolutionProperties) = preSolution
		HideSolutionNode = FALSE
	EndGlobalSection
	GlobalSection(ExtensibilityGlobals) = postSolution
		SolutionGuid = {89BDE36D-0421-422C-8203-FCB467BEC00D}
	EndGlobalSection
EndGlobal
